
Microsoft Visual Studio Solution File, Format Version 12.00
# Visual Studio Version 17
VisualStudioVersion = 17.5.002.0
MinimumVisualStudioVersion = 10.0.40219.1
Project("{9A19103F-16F7-4668-BE54-9A1E7A4F7556}") = "Prep2", "Prep2.csproj", "{0A1C6827-2730-43AE-AB3B-57A3E9D9220B}"
EndProject
Global
	GlobalSection(SolutionConfigurationPlatforms) = preSolution
		Debug|Any CPU = Debug|Any CPU
		Release|Any CPU = Release|Any CPU
	EndGlobalSection
	GlobalSection(ProjectConfigurationPlatforms) = postSolution
		{0A1C6827-2730-43AE-AB3B-57A3E9D9220B}.Debug|Any CPU.ActiveCfg = Debug|Any CPU
		{0A1C6827-2730-43AE-AB3B-57A3E9D9220B}.Debug|Any CPU.Build.0 = Debug|Any CPU
		{0A1C6827-2730-43AE-AB3B-57A3E9D9220B}.Release|Any CPU.ActiveCfg = Release|Any CPU
		{0A1C6827-2730-43AE-AB3B-57A3E9D9220B}.Release|Any CPU.Build.0 = Release|Any CPU
	EndGlobalSection
	GlobalSection(SolutionProperties) = preSolution
		HideSolutionNode = FALSE
	EndGlobalSection
	GlobalSection(ExtensibilityGlobals) = postSolution
		SolutionGuid = {06F638C8-5C47-4CC3-AABA-ED54494D275B}
	EndGlobalSection
EndGlobal
