
Microsoft Visual Studio Solution File, Format Version 12.00
# Visual Studio Version 17
VisualStudioVersion = 17.5.002.0
MinimumVisualStudioVersion = 10.0.40219.1
Project("{9A19103F-16F7-4668-BE54-9A1E7A4F7556}") = "Prep5", "Prep5.csproj", "{282F2031-349C-467D-8700-947FA185C0B9}"
EndProject
Global
	GlobalSection(SolutionConfigurationPlatforms) = preSolution
		Debug|Any CPU = Debug|Any CPU
		Release|Any CPU = Release|Any CPU
	EndGlobalSection
	GlobalSection(ProjectConfigurationPlatforms) = postSolution
		{282F2031-349C-467D-8700-947FA185C0B9}.Debug|Any CPU.ActiveCfg = Debug|Any CPU
		{282F2031-349C-467D-8700-947FA185C0B9}.Debug|Any CPU.Build.0 = Debug|Any CPU
		{282F2031-349C-467D-8700-947FA185C0B9}.Release|Any CPU.ActiveCfg = Release|Any CPU
		{282F2031-349C-467D-8700-947FA185C0B9}.Release|Any CPU.Build.0 = Release|Any CPU
	EndGlobalSection
	GlobalSection(SolutionProperties) = preSolution
		HideSolutionNode = FALSE
	EndGlobalSection
	GlobalSection(ExtensibilityGlobals) = postSolution
		SolutionGuid = {7F12285C-F62C-4051-A5F8-8A58748FF5DC}
	EndGlobalSection
EndGlobal
